// !$*UTF8*$!
{
	archiveVersion = 1;
	classes = {
	};
	objectVersion = 46;
	objects = {

/* Begin PBXBuildFile section */
		724DED3E1DBA1B3300DF6813 /* AppDelegate.swift in Sources */ = {isa = PBXBuildFile; fileRef = 724DED3D1DBA1B3300DF6813 /* AppDelegate.swift */; };
		724DED401DBA1B3300DF6813 /* ViewController.swift in Sources */ = {isa = PBXBuildFile; fileRef = 724DED3F1DBA1B3300DF6813 /* ViewController.swift */; };
		724DED431DBA1B3300DF6813 /* Main.storyboard in Resources */ = {isa = PBXBuildFile; fileRef = 724DED411DBA1B3300DF6813 /* Main.storyboard */; };
		724DED451DBA1B3300DF6813 /* Assets.xcassets in Resources */ = {isa = PBXBuildFile; fileRef = 724DED441DBA1B3300DF6813 /* Assets.xcassets */; };
		724DED481DBA1B3300DF6813 /* LaunchScreen.storyboard in Resources */ = {isa = PBXBuildFile; fileRef = 724DED461DBA1B3300DF6813 /* LaunchScreen.storyboard */; };
		724DED511DBA3A9F00DF6813 /* GameKit.framework in Frameworks */ = {isa = PBXBuildFile; fileRef = 724DED501DBA3A9F00DF6813 /* GameKit.framework */; };
/* End PBXBuildFile section */

/* Begin PBXFileReference section */
		724DED3A1DBA1B3300DF6813 /* GameCenterTutorial.app */ = {isa = PBXFileReference; explicitFileType = wrapper.application; includeInIndex = 0; path = GameCenterTutorial.app; sourceTree = BUILT_PRODUCTS_DIR; };
		724DED3D1DBA1B3300DF6813 /* AppDelegate.swift */ = {isa = PBXFileReference; lastKnownFileType = sourcecode.swift; path = AppDelegate.swift; sourceTree = "<group>"; };
		724DED3F1DBA1B3300DF6813 /* ViewController.swift */ = {isa = PBXFileReference; lastKnownFileType = sourcecode.swift; path = ViewController.swift; sourceTree = "<group>"; };
		724DED421DBA1B3300DF6813 /* Base */ = {isa = PBXFileReference; lastKnownFileType = file.storyboard; name = Base; path = Base.lproj/Main.storyboard; sourceTree = "<group>"; };
		724DED441DBA1B3300DF6813 /* Assets.xcassets */ = {isa = PBXFileReference; lastKnownFileType = folder.assetcatalog; path = Assets.xcassets; sourceTree = "<group>"; };
		724DED471DBA1B3300DF6813 /* Base */ = {isa = PBXFileReference; lastKnownFileType = file.storyboard; name = Base; path = Base.lproj/LaunchScreen.storyboard; sourceTree = "<group>"; };
		724DED491DBA1B3300DF6813 /* Info.plist */ = {isa = PBXFileReference; lastKnownFileType = text.plist.xml; path = Info.plist; sourceTree = "<group>"; };
		724DED501DBA3A9F00DF6813 /* GameKit.framework */ = {isa = PBXFileReference; lastKnownFileType = wrapper.framework; name = GameKit.framework; path = System/Library/Frameworks/GameKit.framework; sourceTree = SDKROOT; };
/* End PBXFileReference section */

/* Begin PBXFrameworksBuildPhase section */
		724DED371DBA1B3300DF6813 /* Frameworks */ = {
			isa = PBXFrameworksBuildPhase;
			buildActionMask = 2147483647;
			files = (
				724DED511DBA3A9F00DF6813 /* GameKit.framework in Frameworks */,
			);
			runOnlyForDeploymentPostprocessing = 0;
		};
/* End PBXFrameworksBuildPhase section */

/* Begin PBXGroup section */
		724DED311DBA1B3200DF6813 = {
			isa = PBXGroup;
			children = (
				724DED3C1DBA1B3300DF6813 /* GameCenterTutorial */,
				724DED3B1DBA1B3300DF6813 /* Products */,
				724DED4F1DBA3A9F00DF6813 /* Frameworks */,
			);
			sourceTree = "<group>";
		};
		724DED3B1DBA1B3300DF6813 /* Products */ = {
			isa = PBXGroup;
			children = (
				724DED3A1DBA1B3300DF6813 /* GameCenterTutorial.app */,
			);
			name = Products;
			sourceTree = "<group>";
		};
		724DED3C1DBA1B3300DF6813 /* GameCenterTutorial */ = {
			isa = PBXGroup;
			children = (
				724DED3D1DBA1B3300DF6813 /* AppDelegate.swift */,
				724DED411DBA1B3300DF6813 /* Main.storyboard */,
				724DED3F1DBA1B3300DF6813 /* ViewController.swift */,
				724DED441DBA1B3300DF6813 /* Assets.xcassets */,
				724DED461DBA1B3300DF6813 /* LaunchScreen.storyboard */,
				724DED491DBA1B3300DF6813 /* Info.plist */,
			);
			path = GameCenterTutorial;
			sourceTree = "<group>";
		};
		724DED4F1DBA3A9F00DF6813 /* Frameworks */ = {
			isa = PBXGroup;
			children = (
				724DED501DBA3A9F00DF6813 /* GameKit.framework */,
			);
			name = Frameworks;
			sourceTree = "<group>";
		};
/* End PBXGroup section */

/* Begin PBXNativeTarget section */
		724DED391DBA1B3300DF6813 /* GameCenterTutorial */ = {
			isa = PBXNativeTarget;
			buildConfigurationList = 724DED4C1DBA1B3300DF6813 /* Build configuration list for PBXNativeTarget "GameCenterTutorial" */;
			buildPhases = (
				724DED361DBA1B3300DF6813 /* Sources */,
				724DED371DBA1B3300DF6813 /* Frameworks */,
				724DED381DBA1B3300DF6813 /* Resources */,
			);
			buildRules = (
			);
			dependencies = (
			);
			name = GameCenterTutorial;
			productName = GameCenterTutorial;
			productReference = 724DED3A1DBA1B3300DF6813 /* GameCenterTutorial.app */;
			productType = "com.apple.product-type.application";
		};
/* End PBXNativeTarget section */

/* Begin PBXProject section */
		724DED321DBA1B3200DF6813 /* Project object */ = {
			isa = PBXProject;
			attributes = {
				LastSwiftUpdateCheck = 0800;
				LastUpgradeCheck = 0800;
				ORGANIZATIONNAME = "FV iMAGINATION";
				TargetAttributes = {
					724DED391DBA1B3300DF6813 = {
						CreatedOnToolsVersion = 8.0;
						DevelopmentTeam = Z6D6RAG87Q;
						ProvisioningStyle = Automatic;
						SystemCapabilities = {
							com.apple.GameCenter = {
								enabled = 1;
							};
						};
					};
				};
			};
			buildConfigurationList = 724DED351DBA1B3200DF6813 /* Build configuration list for PBXProject "GameCenterTutorial" */;
			compatibilityVersion = "Xcode 3.2";
			developmentRegion = English;
			hasScannedForEncodings = 0;
			knownRegions = (
				en,
				Base,
			);
			mainGroup = 724DED311DBA1B3200DF6813;
			productRefGroup = 724DED3B1DBA1B3300DF6813 /* Products */;
			projectDirPath = "";
			projectRoot = "";
			targets = (
				724DED391DBA1B3300DF6813 /* GameCenterTutorial */,
			);
		};
/* End PBXProject section */

/* Begin PBXResourcesBuildPhase section */
		724DED381DBA1B3300DF6813 /* Resources */ = {
			isa = PBXResourcesBuildPhase;
			buildActionMask = 2147483647;
			files = (
				724DED481DBA1B3300DF6813 /* LaunchScreen.storyboard in Resources */,
				724DED451DBA1B3300DF6813 /* Assets.xcassets in Resources */,
				724DED431DBA1B3300DF6813 /* Main.storyboard in Resources */,
			);
			runOnlyForDeploymentPostprocessing = 0;
		};
/* End PBXResourcesBuildPhase section */

/* Begin PBXSourcesBuildPhase section */
		724DED361DBA1B3300DF6813 /* Sources */ = {
			isa = PBXSourcesBuildPhase;
			buildActionMask = 2147483647;
			files = (
				724DED401DBA1B3300DF6813 /* ViewController.swift in Sources */,
				724DED3E1DBA1B3300DF6813 /* AppDelegate.swift in Sources */,
			);
			runOnlyForDeploymentPostprocessing = 0;
		};
/* End PBXSourcesBuildPhase section */

/* Begin PBXVariantGroup section */
		724DED411DBA1B3300DF6813 /* Main.storyboard */ = {
			isa = PBXVariantGroup;
			children = (
				724DED421DBA1B3300DF6813 /* Base */,
			);
			name = Main.storyboard;
			sourceTree = "<group>";
		};
		724DED461DBA1B3300DF6813 /* LaunchScreen.storyboard */ = {
			isa = PBXVariantGroup;
			children = (
				724DED471DBA1B3300DF6813 /* Base */,
			);
			name = LaunchScreen.storyboard;
			sourceTree = "<group>";
		};
/* End PBXVariantGroup section */

/* Begin XCBuildConfiguration section */
		724DED4A1DBA1B3300DF6813 /* Debug */ = {
			isa = XCBuildConfiguration;
			buildSettings = {
				ALWAYS_SEARCH_USER_PATHS = NO;
				CLANG_ANALYZER_NONNULL = YES;
				CLANG_CXX_LANGUAGE_STANDARD = "gnu++0x";
				CLANG_CXX_LIBRARY = "libc++";
				CLANG_ENABLE_MODULES = YES;
				CLANG_ENABLE_OBJC_ARC = YES;
				CLANG_WARN_BOOL_CONVERSION = YES;
				CLANG_WARN_CONSTANT_CONVERSION = YES;
				CLANG_WARN_DIRECT_OBJC_ISA_USAGE = YES_ERROR;
				CLANG_WARN_DOCUMENTATION_COMMENTS = YES;
				CLANG_WARN_EMPTY_BODY = YES;
				CLANG_WARN_ENUM_CONVERSION = YES;
				CLANG_WARN_INFINITE_RECURSION = YES;
				CLANG_WARN_INT_CONVERSION = YES;
				CLANG_WARN_OBJC_ROOT_CLASS = YES_ERROR;
				CLANG_WARN_SUSPICIOUS_MOVES = YES;
				CLANG_WARN_UNREACHABLE_CODE = YES;
				CLANG_WARN__DUPLICATE_METHOD_MATCH = YES;
				"CODE_SIGN_IDENTITY[sdk=iphoneos*]" = "iPhone Developer";
				COPY_PHASE_STRIP = NO;
				DEBUG_INFORMATION_FORMAT = dwarf;
				ENABLE_STRICT_OBJC_MSGSEND = YES;
				ENABLE_TESTABILITY = YES;
				GCC_C_LANGUAGE_STANDARD = gnu99;
				GCC_DYNAMIC_NO_PIC = NO;
				GCC_NO_COMMON_BLOCKS = YES;
				GCC_OPTIMIZATION_LEVEL = 0;
				GCC_PREPROCESSOR_DEFINITIONS = (
					"DEBUG=1",
					"$(inherited)",
				);
				GCC_WARN_64_TO_32_BIT_CONVERSION = YES;
				GCC_WARN_ABOUT_RETURN_TYPE = YES_ERROR;
				GCC_WARN_UNDECLARED_SELECTOR = YES;
				GCC_WARN_UNINITIALIZED_AUTOS = YES_AGGRESSIVE;
				GCC_WARN_UNUSED_FUNCTION = YES;
				GCC_WARN_UNUSED_VARIABLE = YES;
				IPHONEOS_DEPLOYMENT_TARGET = 10.0;
				MTL_ENABLE_DEBUG_INFO = YES;
				ONLY_ACTIVE_ARCH = YES;
				SDKROOT = iphoneos;
				SWIFT_ACTIVE_COMPILATION_CONDITIONS = DEBUG;
				SWIFT_OPTIMIZATION_LEVEL = "-Onone";
				TARGETED_DEVICE_FAMILY = "1,2";
			};
			name = Debug;
		};
		724DED4B1DBA1B3300DF6813 /* Release */ = {
			isa = XCBuildConfiguration;
			buildSettings = {
				ALWAYS_SEARCH_USER_PATHS = NO;
				CLANG_ANALYZER_NONNULL = YES;
				CLANG_CXX_LANGUAGE_STANDARD = "gnu++0x";
				CLANG_CXX_LIBRARY = "libc++";
				CLANG_ENABLE_MODULES = YES;
				CLANG_ENABLE_OBJC_ARC = YES;
				CLANG_WARN_BOOL_CONVERSION = YES;
				CLANG_WARN_CONSTANT_CONVERSION = YES;
				CLANG_WARN_DIRECT_OBJC_ISA_USAGE = YES_ERROR;
				CLANG_WARN_DOCUMENTATION_COMMENTS = YES;
				CLANG_WARN_EMPTY_BODY = YES;
				CLANG_WARN_ENUM_CONVERSION = YES;
				CLANG_WARN_INFINITE_RECURSION = YES;
				CLANG_WARN_INT_CONVERSION = YES;
				CLANG_WARN_OBJC_ROOT_CLASS = YES_ERROR;
				CLANG_WARN_SUSPICIOUS_MOVES = YES;
				CLANG_WARN_UNREACHABLE_CODE = YES;
				CLANG_WARN__DUPLICATE_METHOD_MATCH = YES;
				"CODE_SIGN_IDENTITY[sdk=iphoneos*]" = "iPhone Developer";
				COPY_PHASE_STRIP = NO;
				DEBUG_INFORMATION_FORMAT = "dwarf-with-dsym";
				ENABLE_NS_ASSERTIONS = NO;
				ENABLE_STRICT_OBJC_MSGSEND = YES;
				GCC_C_LANGUAGE_STANDARD = gnu99;
				GCC_NO_COMMON_BLOCKS = YES;
				GCC_WARN_64_TO_32_BIT_CONVERSION = YES;
				GCC_WARN_ABOUT_RETURN_TYPE = YES_ERROR;
				GCC_WARN_UNDECLARED_SELECTOR = YES;
				GCC_WARN_UNINITIALIZED_AUTOS = YES_AGGRESSIVE;
				GCC_WARN_UNUSED_FUNCTION = YES;
				GCC_WARN_UNUSED_VARIABLE = YES;
				IPHONEOS_DEPLOYMENT_TARGET = 10.0;
				MTL_ENABLE_DEBUG_INFO = NO;
				SDKROOT = iphoneos;
				SWIFT_OPTIMIZATION_LEVEL = "-Owholemodule";
				TARGETED_DEVICE_FAMILY = "1,2";
				VALIDATE_PRODUCT = YES;
			};
			name = Release;
		};
		724DED4D1DBA1B3300DF6813 /* Debug */ = {
			isa = XCBuildConfiguration;
			buildSettings = {
				ASSETCATALOG_COMPILER_APPICON_NAME = AppIcon;
				DEVELOPMENT_TEAM = Z6D6RAG87Q;
				INFOPLIST_FILE = GameCenterTutorial/Info.plist;
				IPHONEOS_DEPLOYMENT_TARGET = 8.0;
				LD_RUNPATH_SEARCH_PATHS = "$(inherited) @executable_path/Frameworks";
				PRODUCT_BUNDLE_IDENTIFIER = com.domain.gamecentertut.GameCenterTutorial;
				PRODUCT_NAME = "$(TARGET_NAME)";
				SWIFT_VERSION = 3.0;
				TARGETED_DEVICE_FAMILY = "1,2";
			};
			name = Debug;
		};
		724DED4E1DBA1B3300DF6813 /* Release */ = {
			isa = XCBuildConfiguration;
			buildSettings = {
				ASSETCATALOG_COMPILER_APPICON_NAME = AppIcon;
				DEVELOPMENT_TEAM = Z6D6RAG87Q;
				INFOPLIST_FILE = GameCenterTutorial/Info.plist;
				IPHONEOS_DEPLOYMENT_TARGET = 8.0;
				LD_RUNPATH_SEARCH_PATHS = "$(inherited) @executable_path/Frameworks";
				PRODUCT_BUNDLE_IDENTIFIER = com.domain.gamecentertut.GameCenterTutorial;
				PRODUCT_NAME = "$(TARGET_NAME)";
				SWIFT_VERSION = 3.0;
				TARGETED_DEVICE_FAMILY = "1,2";
			};
			name = Release;
		};
/* End XCBuildConfiguration section */

/* Begin XCConfigurationList section */
		724DED351DBA1B3200DF6813 /* Build configuration list for PBXProject "GameCenterTutorial" */ = {
			isa = XCConfigurationList;
			buildConfigurations = (
				724DED4A1DBA1B3300DF6813 /* Debug */,
				724DED4B1DBA1B3300DF6813 /* Release */,
			);
			defaultConfigurationIsVisible = 0;
			defaultConfigurationName = Release;
		};
		724DED4C1DBA1B3300DF6813 /* Build configuration list for PBXNativeTarget "GameCenterTutorial" */ = {
			isa = XCConfigurationList;
			buildConfigurations = (
				724DED4D1DBA1B3300DF6813 /* Debug */,
				724DED4E1DBA1B3300DF6813 /* Release */,
			);
			defaultConfigurationIsVisible = 0;
			defaultConfigurationName = Release;
		};
/* End XCConfigurationList section */
	};
	rootObject = 724DED321DBA1B3200DF6813 /* Project object */;
}
